// !$*UTF8*$!
{
	archiveVersion = 1;
	classes = {
	};
	objectVersion = 50;
	objects = {

/* Begin PBXBuildFile section */
		53D300EE210EF71700BB0B2D /* AppDelegate.m in Sources */ = {isa = PBXBuildFile; fileRef = 53D300ED210EF71700BB0B2D /* AppDelegate.m */; };
		53D300F1210EF71700BB0B2D /* ViewController.m in Sources */ = {isa = PBXBuildFile; fileRef = 53D300F0210EF71700BB0B2D /* ViewController.m */; };
		53D300F4210EF71700BB0B2D /* Main.storyboard in Resources */ = {isa = PBXBuildFile; fileRef = 53D300F2210EF71700BB0B2D /* Main.storyboard */; };
		53D300F6210EF71A00BB0B2D /* Assets.xcassets in Resources */ = {isa = PBXBuildFile; fileRef = 53D300F5210EF71A00BB0B2D /* Assets.xcassets */; };
		53D300F9210EF71A00BB0B2D /* LaunchScreen.storyboard in Resources */ = {isa = PBXBuildFile; fileRef = 53D300F7210EF71A00BB0B2D /* LaunchScreen.storyboard */; };
		53D300FC210EF71A00BB0B2D /* main.m in Sources */ = {isa = PBXBuildFile; fileRef = 53D300FB210EF71A00BB0B2D /* main.m */; };
		53D30106210EF71A00BB0B2D /* GoSharePanelTests.m in Sources */ = {isa = PBXBuildFile; fileRef = 53D30105210EF71A00BB0B2D /* GoSharePanelTests.m */; };
		53D30111210EF71A00BB0B2D /* GoSharePanelUITests.m in Sources */ = {isa = PBXBuildFile; fileRef = 53D30110210EF71A00BB0B2D /* GoSharePanelUITests.m */; };
		53D30121210EF8B700BB0B2D /* GoShareView.m in Sources */ = {isa = PBXBuildFile; fileRef = 53D30120210EF8B700BB0B2D /* GoShareView.m */; };
		53D30124210F02C400BB0B2D /* GoShareButton.m in Sources */ = {isa = PBXBuildFile; fileRef = 53D30123210F02C400BB0B2D /* GoShareButton.m */; };
/* End PBXBuildFile section */

/* Begin PBXContainerItemProxy section */
		53D30102210EF71A00BB0B2D /* PBXContainerItemProxy */ = {
			isa = PBXContainerItemProxy;
			containerPortal = 53D300E1210EF71700BB0B2D /* Project object */;
			proxyType = 1;
			remoteGlobalIDString = 53D300E8210EF71700BB0B2D;
			remoteInfo = GoSharePanel;
		};
		53D3010D210EF71A00BB0B2D /* PBXContainerItemProxy */ = {
			isa = PBXContainerItemProxy;
			containerPortal = 53D300E1210EF71700BB0B2D /* Project object */;
			proxyType = 1;
			remoteGlobalIDString = 53D300E8210EF71700BB0B2D;
			remoteInfo = GoSharePanel;
		};
/* End PBXContainerItemProxy section */

/* Begin PBXFileReference section */
		53D300E9210EF71700BB0B2D /* GoSharePanel.app */ = {isa = PBXFileReference; explicitFileType = wrapper.application; includeInIndex = 0; path = GoSharePanel.app; sourceTree = BUILT_PRODUCTS_DIR; };
		53D300EC210EF71700BB0B2D /* AppDelegate.h */ = {isa = PBXFileReference; lastKnownFileType = sourcecode.c.h; path = AppDelegate.h; sourceTree = "<group>"; };
		53D300ED210EF71700BB0B2D /* AppDelegate.m */ = {isa = PBXFileReference; lastKnownFileType = sourcecode.c.objc; path = AppDelegate.m; sourceTree = "<group>"; };
		53D300EF210EF71700BB0B2D /* ViewController.h */ = {isa = PBXFileReference; lastKnownFileType = sourcecode.c.h; path = ViewController.h; sourceTree = "<group>"; };
		53D300F0210EF71700BB0B2D /* ViewController.m */ = {isa = PBXFileReference; lastKnownFileType = sourcecode.c.objc; path = ViewController.m; sourceTree = "<group>"; };
		53D300F3210EF71700BB0B2D /* Base */ = {isa = PBXFileReference; lastKnownFileType = file.storyboard; name = Base; path = Base.lproj/Main.storyboard; sourceTree = "<group>"; };
		53D300F5210EF71A00BB0B2D /* Assets.xcassets */ = {isa = PBXFileReference; lastKnownFileType = folder.assetcatalog; path = Assets.xcassets; sourceTree = "<group>"; };
		53D300F8210EF71A00BB0B2D /* Base */ = {isa = PBXFileReference; lastKnownFileType = file.storyboard; name = Base; path = Base.lproj/LaunchScreen.storyboard; sourceTree = "<group>"; };
		53D300FA210EF71A00BB0B2D /* Info.plist */ = {isa = PBXFileReference; lastKnownFileType = text.plist.xml; path = Info.plist; sourceTree = "<group>"; };
		53D300FB210EF71A00BB0B2D /* main.m */ = {isa = PBXFileReference; lastKnownFileType = sourcecode.c.objc; path = main.m; sourceTree = "<group>"; };
		53D30101210EF71A00BB0B2D /* GoSharePanelTests.xctest */ = {isa = PBXFileReference; explicitFileType = wrapper.cfbundle; includeInIndex = 0; path = GoSharePanelTests.xctest; sourceTree = BUILT_PRODUCTS_DIR; };
		53D30105210EF71A00BB0B2D /* GoSharePanelTests.m */ = {isa = PBXFileReference; lastKnownFileType = sourcecode.c.objc; path = GoSharePanelTests.m; sourceTree = "<group>"; };
		53D30107210EF71A00BB0B2D /* Info.plist */ = {isa = PBXFileReference; lastKnownFileType = text.plist.xml; path = Info.plist; sourceTree = "<group>"; };
		53D3010C210EF71A00BB0B2D /* GoSharePanelUITests.xctest */ = {isa = PBXFileReference; explicitFileType = wrapper.cfbundle; includeInIndex = 0; path = GoSharePanelUITests.xctest; sourceTree = BUILT_PRODUCTS_DIR; };
		53D30110210EF71A00BB0B2D /* GoSharePanelUITests.m */ = {isa = PBXFileReference; lastKnownFileType = sourcecode.c.objc; path = GoSharePanelUITests.m; sourceTree = "<group>"; };
		53D30112210EF71A00BB0B2D /* Info.plist */ = {isa = PBXFileReference; lastKnownFileType = text.plist.xml; path = Info.plist; sourceTree = "<group>"; };
		53D3011F210EF8B700BB0B2D /* GoShareView.h */ = {isa = PBXFileReference; lastKnownFileType = sourcecode.c.h; path = GoShareView.h; sourceTree = "<group>"; };
		53D30120210EF8B700BB0B2D /* GoShareView.m */ = {isa = PBXFileReference; lastKnownFileType = sourcecode.c.objc; path = GoShareView.m; sourceTree = "<group>"; };
		53D30122210F02C400BB0B2D /* GoShareButton.h */ = {isa = PBXFileReference; lastKnownFileType = sourcecode.c.h; path = GoShareButton.h; sourceTree = "<group>"; };
		53D30123210F02C400BB0B2D /* GoShareButton.m */ = {isa = PBXFileReference; lastKnownFileType = sourcecode.c.objc; path = GoShareButton.m; sourceTree = "<group>"; };
/* End PBXFileReference section */

/* Begin PBXFrameworksBuildPhase section */
		53D300E6210EF71700BB0B2D /* Frameworks */ = {
			isa = PBXFrameworksBuildPhase;
			buildActionMask = 2147483647;
			files = (
			);
			runOnlyForDeploymentPostprocessing = 0;
		};
		53D300FE210EF71A00BB0B2D /* Frameworks */ = {
			isa = PBXFrameworksBuildPhase;
			buildActionMask = 2147483647;
			files = (
			);
			runOnlyForDeploymentPostprocessing = 0;
		};
		53D30109210EF71A00BB0B2D /* Frameworks */ = {
			isa = PBXFrameworksBuildPhase;
			buildActionMask = 2147483647;
			files = (
			);
			runOnlyForDeploymentPostprocessing = 0;
		};
/* End PBXFrameworksBuildPhase section */

/* Begin PBXGroup section */
		53D300E0210EF71700BB0B2D = {
			isa = PBXGroup;
			children = (
				53D300EB210EF71700BB0B2D /* GoSharePanel */,
				53D30104210EF71A00BB0B2D /* GoSharePanelTests */,
				53D3010F210EF71A00BB0B2D /* GoSharePanelUITests */,
				53D300EA210EF71700BB0B2D /* Products */,
			);
			sourceTree = "<group>";
		};
		53D300EA210EF71700BB0B2D /* Products */ = {
			isa = PBXGroup;
			children = (
				53D300E9210EF71700BB0B2D /* GoSharePanel.app */,
				53D30101210EF71A00BB0B2D /* GoSharePanelTests.xctest */,
				53D3010C210EF71A00BB0B2D /* GoSharePanelUITests.xctest */,
			);
			name = Products;
			sourceTree = "<group>";
		};
		53D300EB210EF71700BB0B2D /* GoSharePanel */ = {
			isa = PBXGroup;
			children = (
				53D30125210F648200BB0B2D /* GoShare */,
				53D300EC210EF71700BB0B2D /* AppDelegate.h */,
				53D300ED210EF71700BB0B2D /* AppDelegate.m */,
				53D300EF210EF71700BB0B2D /* ViewController.h */,
				53D300F0210EF71700BB0B2D /* ViewController.m */,
				53D300F2210EF71700BB0B2D /* Main.storyboard */,
				53D300F5210EF71A00BB0B2D /* Assets.xcassets */,
				53D300F7210EF71A00BB0B2D /* LaunchScreen.storyboard */,
				53D300FA210EF71A00BB0B2D /* Info.plist */,
				53D300FB210EF71A00BB0B2D /* main.m */,
			);
			path = GoSharePanel;
			sourceTree = "<group>";
		};
		53D30104210EF71A00BB0B2D /* GoSharePanelTests */ = {
			isa = PBXGroup;
			children = (
				53D30105210EF71A00BB0B2D /* GoSharePanelTests.m */,
				53D30107210EF71A00BB0B2D /* Info.plist */,
			);
			path = GoSharePanelTests;
			sourceTree = "<group>";
		};
		53D3010F210EF71A00BB0B2D /* GoSharePanelUITests */ = {
			isa = PBXGroup;
			children = (
				53D30110210EF71A00BB0B2D /* GoSharePanelUITests.m */,
				53D30112210EF71A00BB0B2D /* Info.plist */,
			);
			path = GoSharePanelUITests;
			sourceTree = "<group>";
		};
		53D30125210F648200BB0B2D /* GoShare */ = {
			isa = PBXGroup;
			children = (
				53D3011F210EF8B700BB0B2D /* GoShareView.h */,
				53D30120210EF8B700BB0B2D /* GoShareView.m */,
				53D30122210F02C400BB0B2D /* GoShareButton.h */,
				53D30123210F02C400BB0B2D /* GoShareButton.m */,
			);
			path = GoShare;
			sourceTree = "<group>";
		};
/* End PBXGroup section */

/* Begin PBXNativeTarget section */
		53D300E8210EF71700BB0B2D /* GoSharePanel */ = {
			isa = PBXNativeTarget;
			buildConfigurationList = 53D30115210EF71A00BB0B2D /* Build configuration list for PBXNativeTarget "GoSharePanel" */;
			buildPhases = (
				53D300E5210EF71700BB0B2D /* Sources */,
				53D300E6210EF71700BB0B2D /* Frameworks */,
				53D300E7210EF71700BB0B2D /* Resources */,
			);
			buildRules = (
			);
			dependencies = (
			);
			name = GoSharePanel;
			productName = GoSharePanel;
			productReference = 53D300E9210EF71700BB0B2D /* GoSharePanel.app */;
			productType = "com.apple.product-type.application";
		};
		53D30100210EF71A00BB0B2D /* GoSharePanelTests */ = {
			isa = PBXNativeTarget;
			buildConfigurationList = 53D30118210EF71A00BB0B2D /* Build configuration list for PBXNativeTarget "GoSharePanelTests" */;
			buildPhases = (
				53D300FD210EF71A00BB0B2D /* Sources */,
				53D300FE210EF71A00BB0B2D /* Frameworks */,
				53D300FF210EF71A00BB0B2D /* Resources */,
			);
			buildRules = (
			);
			dependencies = (
				53D30103210EF71A00BB0B2D /* PBXTargetDependency */,
			);
			name = GoSharePanelTests;
			productName = GoSharePanelTests;
			productReference = 53D30101210EF71A00BB0B2D /* GoSharePanelTests.xctest */;
			productType = "com.apple.product-type.bundle.unit-test";
		};
		53D3010B210EF71A00BB0B2D /* GoSharePanelUITests */ = {
			isa = PBXNativeTarget;
			buildConfigurationList = 53D3011B210EF71A00BB0B2D /* Build configuration list for PBXNativeTarget "GoSharePanelUITests" */;
			buildPhases = (
				53D30108210EF71A00BB0B2D /* Sources */,
				53D30109210EF71A00BB0B2D /* Frameworks */,
				53D3010A210EF71A00BB0B2D /* Resources */,
			);
			buildRules = (
			);
			dependencies = (
				53D3010E210EF71A00BB0B2D /* PBXTargetDependency */,
			);
			name = GoSharePanelUITests;
			productName = GoSharePanelUITests;
			productReference = 53D3010C210EF71A00BB0B2D /* GoSharePanelUITests.xctest */;
			productType = "com.apple.product-type.bundle.ui-testing";
		};
/* End PBXNativeTarget section */

/* Begin PBXProject section */
		53D300E1210EF71700BB0B2D /* Project object */ = {
			isa = PBXProject;
			attributes = {
				LastUpgradeCheck = 0930;
				ORGANIZATIONNAME = Goldx4;
				TargetAttributes = {
					53D300E8210EF71700BB0B2D = {
						CreatedOnToolsVersion = 9.3.1;
					};
					53D30100210EF71A00BB0B2D = {
						CreatedOnToolsVersion = 9.3.1;
						TestTargetID = 53D300E8210EF71700BB0B2D;
					};
					53D3010B210EF71A00BB0B2D = {
						CreatedOnToolsVersion = 9.3.1;
						TestTargetID = 53D300E8210EF71700BB0B2D;
					};
				};
			};
			buildConfigurationList = 53D300E4210EF71700BB0B2D /* Build configuration list for PBXProject "GoSharePanel" */;
			compatibilityVersion = "Xcode 9.3";
			developmentRegion = en;
			hasScannedForEncodings = 0;
			knownRegions = (
				en,
				Base,
			);
			mainGroup = 53D300E0210EF71700BB0B2D;
			productRefGroup = 53D300EA210EF71700BB0B2D /* Products */;
			projectDirPath = "";
			projectRoot = "";
			targets = (
				53D300E8210EF71700BB0B2D /* GoSharePanel */,
				53D30100210EF71A00BB0B2D /* GoSharePanelTests */,
				53D3010B210EF71A00BB0B2D /* GoSharePanelUITests */,
			);
		};
/* End PBXProject section */

/* Begin PBXResourcesBuildPhase section */
		53D300E7210EF71700BB0B2D /* Resources */ = {
			isa = PBXResourcesBuildPhase;
			buildActionMask = 2147483647;
			files = (
				53D300F9210EF71A00BB0B2D /* LaunchScreen.storyboard in Resources */,
				53D300F6210EF71A00BB0B2D /* Assets.xcassets in Resources */,
				53D300F4210EF71700BB0B2D /* Main.storyboard in Resources */,
			);
			runOnlyForDeploymentPostprocessing = 0;
		};
		53D300FF210EF71A00BB0B2D /* Resources */ = {
			isa = PBXResourcesBuildPhase;
			buildActionMask = 2147483647;
			files = (
			);
			runOnlyForDeploymentPostprocessing = 0;
		};
		53D3010A210EF71A00BB0B2D /* Resources */ = {
			isa = PBXResourcesBuildPhase;
			buildActionMask = 2147483647;
			files = (
			);
			runOnlyForDeploymentPostprocessing = 0;
		};
/* End PBXResourcesBuildPhase section */

/* Begin PBXSourcesBuildPhase section */
		53D300E5210EF71700BB0B2D /* Sources */ = {
			isa = PBXSourcesBuildPhase;
			buildActionMask = 2147483647;
			files = (
				53D30124210F02C400BB0B2D /* GoShareButton.m in Sources */,
				53D30121210EF8B700BB0B2D /* GoShareView.m in Sources */,
				53D300F1210EF71700BB0B2D /* ViewController.m in Sources */,
				53D300FC210EF71A00BB0B2D /* main.m in Sources */,
				53D300EE210EF71700BB0B2D /* AppDelegate.m in Sources */,
			);
			runOnlyForDeploymentPostprocessing = 0;
		};
		53D300FD210EF71A00BB0B2D /* Sources */ = {
			isa = PBXSourcesBuildPhase;
			buildActionMask = 2147483647;
			files = (
				53D30106210EF71A00BB0B2D /* GoSharePanelTests.m in Sources */,
			);
			runOnlyForDeploymentPostprocessing = 0;
		};
		53D30108210EF71A00BB0B2D /* Sources */ = {
			isa = PBXSourcesBuildPhase;
			buildActionMask = 2147483647;
			files = (
				53D30111210EF71A00BB0B2D /* GoSharePanelUITests.m in Sources */,
			);
			runOnlyForDeploymentPostprocessing = 0;
		};
/* End PBXSourcesBuildPhase section */

/* Begin PBXTargetDependency section */
		53D30103210EF71A00BB0B2D /* PBXTargetDependency */ = {
			isa = PBXTargetDependency;
			target = 53D300E8210EF71700BB0B2D /* GoSharePanel */;
			targetProxy = 53D30102210EF71A00BB0B2D /* PBXContainerItemProxy */;
		};
		53D3010E210EF71A00BB0B2D /* PBXTargetDependency */ = {
			isa = PBXTargetDependency;
			target = 53D300E8210EF71700BB0B2D /* GoSharePanel */;
			targetProxy = 53D3010D210EF71A00BB0B2D /* PBXContainerItemProxy */;
		};
/* End PBXTargetDependency section */

/* Begin PBXVariantGroup section */
		53D300F2210EF71700BB0B2D /* Main.storyboard */ = {
			isa = PBXVariantGroup;
			children = (
				53D300F3210EF71700BB0B2D /* Base */,
			);
			name = Main.storyboard;
			sourceTree = "<group>";
		};
		53D300F7210EF71A00BB0B2D /* LaunchScreen.storyboard */ = {
			isa = PBXVariantGroup;
			children = (
				53D300F8210EF71A00BB0B2D /* Base */,
			);
			name = LaunchScreen.storyboard;
			sourceTree = "<group>";
		};
/* End PBXVariantGroup section */

/* Begin XCBuildConfiguration section */
		53D30113210EF71A00BB0B2D /* Debug */ = {
			isa = XCBuildConfiguration;
			buildSettings = {
				ALWAYS_SEARCH_USER_PATHS = NO;
				CLANG_ANALYZER_NONNULL = YES;
				CLANG_ANALYZER_NUMBER_OBJECT_CONVERSION = YES_AGGRESSIVE;
				CLANG_CXX_LANGUAGE_STANDARD = "gnu++14";
				CLANG_CXX_LIBRARY = "libc++";
				CLANG_ENABLE_MODULES = YES;
				CLANG_ENABLE_OBJC_ARC = YES;
				CLANG_ENABLE_OBJC_WEAK = YES;
				CLANG_WARN_BLOCK_CAPTURE_AUTORELEASING = YES;
				CLANG_WARN_BOOL_CONVERSION = YES;
				CLANG_WARN_COMMA = YES;
				CLANG_WARN_CONSTANT_CONVERSION = YES;
				CLANG_WARN_DEPRECATED_OBJC_IMPLEMENTATIONS = YES;
				CLANG_WARN_DIRECT_OBJC_ISA_USAGE = YES_ERROR;
				CLANG_WARN_DOCUMENTATION_COMMENTS = YES;
				CLANG_WARN_EMPTY_BODY = YES;
				CLANG_WARN_ENUM_CONVERSION = YES;
				CLANG_WARN_INFINITE_RECURSION = YES;
				CLANG_WARN_INT_CONVERSION = YES;
				CLANG_WARN_NON_LITERAL_NULL_CONVERSION = YES;
				CLANG_WARN_OBJC_IMPLICIT_RETAIN_SELF = YES;
				CLANG_WARN_OBJC_LITERAL_CONVERSION = YES;
				CLANG_WARN_OBJC_ROOT_CLASS = YES_ERROR;
				CLANG_WARN_RANGE_LOOP_ANALYSIS = YES;
				CLANG_WARN_STRICT_PROTOTYPES = YES;
				CLANG_WARN_SUSPICIOUS_MOVE = YES;
				CLANG_WARN_UNGUARDED_AVAILABILITY = YES_AGGRESSIVE;
				CLANG_WARN_UNREACHABLE_CODE = YES;
				CLANG_WARN__DUPLICATE_METHOD_MATCH = YES;
				CODE_SIGN_IDENTITY = "iPhone Developer";
				COPY_PHASE_STRIP = NO;
				DEBUG_INFORMATION_FORMAT = dwarf;
				ENABLE_STRICT_OBJC_MSGSEND = YES;
				ENABLE_TESTABILITY = YES;
				GCC_C_LANGUAGE_STANDARD = gnu11;
				GCC_DYNAMIC_NO_PIC = NO;
				GCC_NO_COMMON_BLOCKS = YES;
				GCC_OPTIMIZATION_LEVEL = 0;
				GCC_PREPROCESSOR_DEFINITIONS = (
					"DEBUG=1",
					"$(inherited)",
				);
				GCC_WARN_64_TO_32_BIT_CONVERSION = YES;
				GCC_WARN_ABOUT_RETURN_TYPE = YES_ERROR;
				GCC_WARN_UNDECLARED_SELECTOR = YES;
				GCC_WARN_UNINITIALIZED_AUTOS = YES_AGGRESSIVE;
				GCC_WARN_UNUSED_FUNCTION = YES;
				GCC_WARN_UNUSED_VARIABLE = YES;
				IPHONEOS_DEPLOYMENT_TARGET = 11.3;
				MTL_ENABLE_DEBUG_INFO = YES;
				ONLY_ACTIVE_ARCH = YES;
				SDKROOT = iphoneos;
			};
			name = Debug;
		};
		53D30114210EF71A00BB0B2D /* Release */ = {
			isa = XCBuildConfiguration;
			buildSettings = {
				ALWAYS_SEARCH_USER_PATHS = NO;
				CLANG_ANALYZER_NONNULL = YES;
				CLANG_ANALYZER_NUMBER_OBJECT_CONVERSION = YES_AGGRESSIVE;
				CLANG_CXX_LANGUAGE_STANDARD = "gnu++14";
				CLANG_CXX_LIBRARY = "libc++";
				CLANG_ENABLE_MODULES = YES;
				CLANG_ENABLE_OBJC_ARC = YES;
				CLANG_ENABLE_OBJC_WEAK = YES;
				CLANG_WARN_BLOCK_CAPTURE_AUTORELEASING = YES;
				CLANG_WARN_BOOL_CONVERSION = YES;
				CLANG_WARN_COMMA = YES;
				CLANG_WARN_CONSTANT_CONVERSION = YES;
				CLANG_WARN_DEPRECATED_OBJC_IMPLEMENTATIONS = YES;
				CLANG_WARN_DIRECT_OBJC_ISA_USAGE = YES_ERROR;
				CLANG_WARN_DOCUMENTATION_COMMENTS = YES;
				CLANG_WARN_EMPTY_BODY = YES;
				CLANG_WARN_ENUM_CONVERSION = YES;
				CLANG_WARN_INFINITE_RECURSION = YES;
				CLANG_WARN_INT_CONVERSION = YES;
				CLANG_WARN_NON_LITERAL_NULL_CONVERSION = YES;
				CLANG_WARN_OBJC_IMPLICIT_RETAIN_SELF = YES;
				CLANG_WARN_OBJC_LITERAL_CONVERSION = YES;
				CLANG_WARN_OBJC_ROOT_CLASS = YES_ERROR;
				CLANG_WARN_RANGE_LOOP_ANALYSIS = YES;
				CLANG_WARN_STRICT_PROTOTYPES = YES;
				CLANG_WARN_SUSPICIOUS_MOVE = YES;
				CLANG_WARN_UNGUARDED_AVAILABILITY = YES_AGGRESSIVE;
				CLANG_WARN_UNREACHABLE_CODE = YES;
				CLANG_WARN__DUPLICATE_METHOD_MATCH = YES;
				CODE_SIGN_IDENTITY = "iPhone Developer";
				COPY_PHASE_STRIP = NO;
				DEBUG_INFORMATION_FORMAT = "dwarf-with-dsym";
				ENABLE_NS_ASSERTIONS = NO;
				ENABLE_STRICT_OBJC_MSGSEND = YES;
				GCC_C_LANGUAGE_STANDARD = gnu11;
				GCC_NO_COMMON_BLOCKS = YES;
				GCC_WARN_64_TO_32_BIT_CONVERSION = YES;
				GCC_WARN_ABOUT_RETURN_TYPE = YES_ERROR;
				GCC_WARN_UNDECLARED_SELECTOR = YES;
				GCC_WARN_UNINITIALIZED_AUTOS = YES_AGGRESSIVE;
				GCC_WARN_UNUSED_FUNCTION = YES;
				GCC_WARN_UNUSED_VARIABLE = YES;
				IPHONEOS_DEPLOYMENT_TARGET = 11.3;
				MTL_ENABLE_DEBUG_INFO = NO;
				SDKROOT = iphoneos;
				VALIDATE_PRODUCT = YES;
			};
			name = Release;
		};
		53D30116210EF71A00BB0B2D /* Debug */ = {
			isa = XCBuildConfiguration;
			buildSettings = {
				ASSETCATALOG_COMPILER_APPICON_NAME = AppIcon;
				CODE_SIGN_STYLE = Automatic;
				DEVELOPMENT_TEAM = ZYJ9LCKRWW;
				INFOPLIST_FILE = GoSharePanel/Info.plist;
				LD_RUNPATH_SEARCH_PATHS = (
					"$(inherited)",
					"@executable_path/Frameworks",
				);
				PRODUCT_BUNDLE_IDENTIFIER = com.Goldx4.GoSharePanel;
				PRODUCT_NAME = "$(TARGET_NAME)";
				TARGETED_DEVICE_FAMILY = "1,2";
			};
			name = Debug;
		};
		53D30117210EF71A00BB0B2D /* Release */ = {
			isa = XCBuildConfiguration;
			buildSettings = {
				ASSETCATALOG_COMPILER_APPICON_NAME = AppIcon;
				CODE_SIGN_STYLE = Automatic;
				DEVELOPMENT_TEAM = ZYJ9LCKRWW;
				INFOPLIST_FILE = GoSharePanel/Info.plist;
				LD_RUNPATH_SEARCH_PATHS = (
					"$(inherited)",
					"@executable_path/Frameworks",
				);
				PRODUCT_BUNDLE_IDENTIFIER = com.Goldx4.GoSharePanel;
				PRODUCT_NAME = "$(TARGET_NAME)";
				TARGETED_DEVICE_FAMILY = "1,2";
			};
			name = Release;
		};
		53D30119210EF71A00BB0B2D /* Debug */ = {
			isa = XCBuildConfiguration;
			buildSettings = {
				BUNDLE_LOADER = "$(TEST_HOST)";
				CODE_SIGN_STYLE = Automatic;
				DEVELOPMENT_TEAM = ZYJ9LCKRWW;
				INFOPLIST_FILE = GoSharePanelTests/Info.plist;
				LD_RUNPATH_SEARCH_PATHS = (
					"$(inherited)",
					"@executable_path/Frameworks",
					"@loader_path/Frameworks",
				);
				PRODUCT_BUNDLE_IDENTIFIER = com.Goldx4.GoSharePanelTests;
				PRODUCT_NAME = "$(TARGET_NAME)";
				TARGETED_DEVICE_FAMILY = "1,2";
				TEST_HOST = "$(BUILT_PRODUCTS_DIR)/GoSharePanel.app/GoSharePanel";
			};
			name = Debug;
		};
		53D3011A210EF71A00BB0B2D /* Release */ = {
			isa = XCBuildConfiguration;
			buildSettings = {
				BUNDLE_LOADER = "$(TEST_HOST)";
				CODE_SIGN_STYLE = Automatic;
				DEVELOPMENT_TEAM = ZYJ9LCKRWW;
				INFOPLIST_FILE = GoSharePanelTests/Info.plist;
				LD_RUNPATH_SEARCH_PATHS = (
					"$(inherited)",
					"@executable_path/Frameworks",
					"@loader_path/Frameworks",
				);
				PRODUCT_BUNDLE_IDENTIFIER = com.Goldx4.GoSharePanelTests;
				PRODUCT_NAME = "$(TARGET_NAME)";
				TARGETED_DEVICE_FAMILY = "1,2";
				TEST_HOST = "$(BUILT_PRODUCTS_DIR)/GoSharePanel.app/GoSharePanel";
			};
			name = Release;
		};
		53D3011C210EF71A00BB0B2D /* Debug */ = {
			isa = XCBuildConfiguration;
			buildSettings = {
				CODE_SIGN_STYLE = Automatic;
				DEVELOPMENT_TEAM = ZYJ9LCKRWW;
				INFOPLIST_FILE = GoSharePanelUITests/Info.plist;
				LD_RUNPATH_SEARCH_PATHS = (
					"$(inherited)",
					"@executable_path/Frameworks",
					"@loader_path/Frameworks",
				);
				PRODUCT_BUNDLE_IDENTIFIER = com.Goldx4.GoSharePanelUITests;
				PRODUCT_NAME = "$(TARGET_NAME)";
				TARGETED_DEVICE_FAMILY = "1,2";
				TEST_TARGET_NAME = GoSharePanel;
			};
			name = Debug;
		};
		53D3011D210EF71A00BB0B2D /* Release */ = {
			isa = XCBuildConfiguration;
			buildSettings = {
				CODE_SIGN_STYLE = Automatic;
				DEVELOPMENT_TEAM = ZYJ9LCKRWW;
				INFOPLIST_FILE = GoSharePanelUITests/Info.plist;
				LD_RUNPATH_SEARCH_PATHS = (
					"$(inherited)",
					"@executable_path/Frameworks",
					"@loader_path/Frameworks",
				);
				PRODUCT_BUNDLE_IDENTIFIER = com.Goldx4.GoSharePanelUITests;
				PRODUCT_NAME = "$(TARGET_NAME)";
				TARGETED_DEVICE_FAMILY = "1,2";
				TEST_TARGET_NAME = GoSharePanel;
			};
			name = Release;
		};
/* End XCBuildConfiguration section */

/* Begin XCConfigurationList section */
		53D300E4210EF71700BB0B2D /* Build configuration list for PBXProject "GoSharePanel" */ = {
			isa = XCConfigurationList;
			buildConfigurations = (
				53D30113210EF71A00BB0B2D /* Debug */,
				53D30114210EF71A00BB0B2D /* Release */,
			);
			defaultConfigurationIsVisible = 0;
			defaultConfigurationName = Release;
		};
		53D30115210EF71A00BB0B2D /* Build configuration list for PBXNativeTarget "GoSharePanel" */ = {
			isa = XCConfigurationList;
			buildConfigurations = (
				53D30116210EF71A00BB0B2D /* Debug */,
				53D30117210EF71A00BB0B2D /* Release */,
			);
			defaultConfigurationIsVisible = 0;
			defaultConfigurationName = Release;
		};
		53D30118210EF71A00BB0B2D /* Build configuration list for PBXNativeTarget "GoSharePanelTests" */ = {
			isa = XCConfigurationList;
			buildConfigurations = (
				53D30119210EF71A00BB0B2D /* Debug */,
				53D3011A210EF71A00BB0B2D /* Release */,
			);
			defaultConfigurationIsVisible = 0;
			defaultConfigurationName = Release;
		};
		53D3011B210EF71A00BB0B2D /* Build configuration list for PBXNativeTarget "GoSharePanelUITests" */ = {
			isa = XCConfigurationList;
			buildConfigurations = (
				53D3011C210EF71A00BB0B2D /* Debug */,
				53D3011D210EF71A00BB0B2D /* Release */,
			);
			defaultConfigurationIsVisible = 0;
			defaultConfigurationName = Release;
		};
/* End XCConfigurationList section */
	};
	rootObject = 53D300E1210EF71700BB0B2D /* Project object */;
}
